
Microsoft Visual Studio Solution File, Format Version 12.00
# Visual Studio 15
VisualStudioVersion = 15.0.27703.2000
MinimumVisualStudioVersion = 10.0.40219.1
Project("{FAE04EC0-301F-11D3-BF4B-00C04F79EFBC}") = "FFTc", "FFTc\FFTc.csproj", "{7F368E8B-6B0B-4ACE-A10B-3DE216B8C2D9}"
EndProject
Global
	GlobalSection(SolutionConfigurationPlatforms) = preSolution
		Debug|Any CPU = Debug|Any CPU
		Release|Any CPU = Release|Any CPU
	EndGlobalSection
	GlobalSection(ProjectConfigurationPlatforms) = postSolution
		{7F368E8B-6B0B-4ACE-A10B-3DE216B8C2D9}.Debug|Any CPU.ActiveCfg = Debug|Any CPU
		{7F368E8B-6B0B-4ACE-A10B-3DE216B8C2D9}.Debug|Any CPU.Build.0 = Debug|Any CPU
		{7F368E8B-6B0B-4ACE-A10B-3DE216B8C2D9}.Release|Any CPU.ActiveCfg = Release|Any CPU
		{7F368E8B-6B0B-4ACE-A10B-3DE216B8C2D9}.Release|Any CPU.Build.0 = Release|Any CPU
	EndGlobalSection
	GlobalSection(SolutionProperties) = preSolution
		HideSolutionNode = FALSE
	EndGlobalSection
	GlobalSection(ExtensibilityGlobals) = postSolution
		SolutionGuid = {0BE36E27-F83C-4D3F-A14A-1660A11A3D54}
	EndGlobalSection
EndGlobal
